
Microsoft Visual Studio Solution File, Format Version 12.00
# Visual Studio Version 16
VisualStudioVersion = 16.0.30114.105
MinimumVisualStudioVersion = 10.0.40219.1
Project("{9A19103F-16F7-4668-BE54-9A1E7A4F7556}") = "lab11", "lab11\lab11.csproj", "{C7A3F58B-8E98-405C-B3B0-2E1DCB1F6B5E}"
EndProject
Global
	GlobalSection(SolutionConfigurationPlatforms) = preSolution
		Debug|Any CPU = Debug|Any CPU
		Release|Any CPU = Release|Any CPU
	EndGlobalSection
	GlobalSection(ProjectConfigurationPlatforms) = postSolution
		{C7A3F58B-8E98-405C-B3B0-2E1DCB1F6B5E}.Debug|Any CPU.ActiveCfg = Debug|Any CPU
		{C7A3F58B-8E98-405C-B3B0-2E1DCB1F6B5E}.Debug|Any CPU.Build.0 = Debug|Any CPU
		{C7A3F58B-8E98-405C-B3B0-2E1DCB1F6B5E}.Release|Any CPU.ActiveCfg = Release|Any CPU
		{C7A3F58B-8E98-405C-B3B0-2E1DCB1F6B5E}.Release|Any CPU.Build.0 = Release|Any CPU
	EndGlobalSection
	GlobalSection(SolutionProperties) = preSolution
		HideSolutionNode = FALSE
	EndGlobalSection
	GlobalSection(ExtensibilityGlobals) = postSolution
		SolutionGuid = {D81D8A04-B77E-43EB-9657-A837E0A9A109}
	EndGlobalSection
EndGlobal
